
Microsoft Visual Studio Solution File, Format Version 12.00
# Visual Studio Version 17
VisualStudioVersion = 17.10.34916.146
MinimumVisualStudioVersion = 10.0.40219.1
Project("{FAE04EC0-301F-11D3-BF4B-00C04F79EFBC}") = "SimpleCalculatorApplication", "SimpleCalculatorApplication\SimpleCalculatorApplication.csproj", "{862AE48B-9A95-44EA-8534-8E998EEB178F}"
EndProject
Global
	GlobalSection(SolutionConfigurationPlatforms) = preSolution
		Debug|Any CPU = Debug|Any CPU
		Release|Any CPU = Release|Any CPU
	EndGlobalSection
	GlobalSection(ProjectConfigurationPlatforms) = postSolution
		{862AE48B-9A95-44EA-8534-8E998EEB178F}.Debug|Any CPU.ActiveCfg = Debug|Any CPU
		{862AE48B-9A95-44EA-8534-8E998EEB178F}.Debug|Any CPU.Build.0 = Debug|Any CPU
		{862AE48B-9A95-44EA-8534-8E998EEB178F}.Release|Any CPU.ActiveCfg = Release|Any CPU
		{862AE48B-9A95-44EA-8534-8E998EEB178F}.Release|Any CPU.Build.0 = Release|Any CPU
	EndGlobalSection
	GlobalSection(SolutionProperties) = preSolution
		HideSolutionNode = FALSE
	EndGlobalSection
	GlobalSection(ExtensibilityGlobals) = postSolution
		SolutionGuid = {FBAD8964-09A5-465E-9679-0ED26AEADA72}
	EndGlobalSection
EndGlobal
